{
  "nodes": {
    "dotfiles-config": {
      "flake": false,
      "locked": {
        "lastModified": 1671662933,
        "narHash": "sha256-SFYAUOJcncbWZ+FPTF9936/IR4q3I2K33bar8PttJh0=",
        "owner": "dev-null-undefined",
        "repo": "DotFiles",
        "rev": "5a591dec7930f66f4c2826befc66ae89139997dc",
        "type": "github"
      },
      "original": {
        "owner": "dev-null-undefined",
        "repo": "DotFiles",
        "type": "github"
      }
    },
    "nixos-config": {
      "flake": false,
      "locked": {
        "lastModified": 1671662707,
        "narHash": "sha256-0dH3DbO/vB8LsT+Hoqb7wT8GgYtYrm63Jj/40A80PpI=",
        "owner": "dev-null-undefined",
        "repo": "NixOs",
        "rev": "bc211aa0786b071216575273ab4a90c5f52c9d73",
        "type": "github"
      },
      "original": {
        "owner": "dev-null-undefined",
        "repo": "NixOs",
        "type": "github"
      }
    },
    "nixpkgs": {
      "locked": {
        "lastModified": 1671359686,
        "narHash": "sha256-3MpC6yZo+Xn9cPordGz2/ii6IJpP2n8LE8e/ebUXLrs=",
        "owner": "nixos",
        "repo": "nixpkgs",
        "rev": "04f574a1c0fde90b51bf68198e2297ca4e7cccf4",
        "type": "github"
      },
      "original": {
        "owner": "nixos",
        "ref": "nixos-unstable",
        "repo": "nixpkgs",
        "type": "github"
      }
    },
    "root": {
      "inputs": {
        "dotfiles-config": "dotfiles-config",
        "nixos-config": "nixos-config",
        "nixpkgs": "nixpkgs"
      }
    }
  },
  "root": "root",
  "version": 7
}
